
Microsoft Visual Studio Solution File, Format Version 12.00
# Visual Studio 15
Project("{FAE04EC0-301F-11D3-BF4B-00C04F79EFBC}") = "Assembly-CSharp", "Assembly-CSharp.csproj", "{170983C0-AC8A-19EE-CA13-6917015EF96A}"
EndProject
Project("{FAE04EC0-301F-11D3-BF4B-00C04F79EFBC}") = "Assembly-CSharp-Editor", "Assembly-CSharp-Editor.csproj", "{9076D3DC-CE97-5350-AD30-31D5B99A97A0}"
EndProject
Project("{FAE04EC0-301F-11D3-BF4B-00C04F79EFBC}") = "ALP8310_ControllerGlobal", "ALP8310_ControllerGlobal.csproj", "{C88AC6F9-EBE5-742B-9EE5-70F3C7CAB66E}"
EndProject
Project("{FAE04EC0-301F-11D3-BF4B-00C04F79EFBC}") = "ALP8310_ControllerGlobal.Editor", "ALP8310_ControllerGlobal.Editor.csproj", "{EC83FD7A-B424-C9A8-FDC1-A75A2ADFA029}"
EndProject
Global
	GlobalSection(SolutionConfigurationPlatforms) = preSolution
		Debug|Any CPU = Debug|Any CPU
		Release|Any CPU = Release|Any CPU
	EndGlobalSection
	GlobalSection(ProjectConfigurationPlatforms) = postSolution
		{170983C0-AC8A-19EE-CA13-6917015EF96A}.Debug|Any CPU.ActiveCfg = Debug|Any CPU
		{170983C0-AC8A-19EE-CA13-6917015EF96A}.Debug|Any CPU.Build.0 = Debug|Any CPU
		{170983C0-AC8A-19EE-CA13-6917015EF96A}.Release|Any CPU.ActiveCfg = Release|Any CPU
		{170983C0-AC8A-19EE-CA13-6917015EF96A}.Release|Any CPU.Build.0 = Release|Any CPU
		{9076D3DC-CE97-5350-AD30-31D5B99A97A0}.Debug|Any CPU.ActiveCfg = Debug|Any CPU
		{9076D3DC-CE97-5350-AD30-31D5B99A97A0}.Debug|Any CPU.Build.0 = Debug|Any CPU
		{9076D3DC-CE97-5350-AD30-31D5B99A97A0}.Release|Any CPU.ActiveCfg = Release|Any CPU
		{9076D3DC-CE97-5350-AD30-31D5B99A97A0}.Release|Any CPU.Build.0 = Release|Any CPU
		{C88AC6F9-EBE5-742B-9EE5-70F3C7CAB66E}.Debug|Any CPU.ActiveCfg = Debug|Any CPU
		{C88AC6F9-EBE5-742B-9EE5-70F3C7CAB66E}.Debug|Any CPU.Build.0 = Debug|Any CPU
		{C88AC6F9-EBE5-742B-9EE5-70F3C7CAB66E}.Release|Any CPU.ActiveCfg = Release|Any CPU
		{C88AC6F9-EBE5-742B-9EE5-70F3C7CAB66E}.Release|Any CPU.Build.0 = Release|Any CPU
		{EC83FD7A-B424-C9A8-FDC1-A75A2ADFA029}.Debug|Any CPU.ActiveCfg = Debug|Any CPU
		{EC83FD7A-B424-C9A8-FDC1-A75A2ADFA029}.Debug|Any CPU.Build.0 = Debug|Any CPU
		{EC83FD7A-B424-C9A8-FDC1-A75A2ADFA029}.Release|Any CPU.ActiveCfg = Release|Any CPU
		{EC83FD7A-B424-C9A8-FDC1-A75A2ADFA029}.Release|Any CPU.Build.0 = Release|Any CPU
	EndGlobalSection
	GlobalSection(SolutionProperties) = preSolution
		HideSolutionNode = FALSE
	EndGlobalSection
EndGlobal
